
Microsoft Visual Studio Solution File, Format Version 12.00
# Visual Studio Version 16
VisualStudioVersion = 16.0.30611.23
MinimumVisualStudioVersion = 10.0.40219.1
Project("{FAE04EC0-301F-11D3-BF4B-00C04F79EFBC}") = "Efficiency_Framework", "Efficiency_Framework\Efficiency_Framework.csproj", "{5387FE2F-C114-45EB-B9BB-C7EAEF831389}"
EndProject
Global
	GlobalSection(SolutionConfigurationPlatforms) = preSolution
		Debug|Any CPU = Debug|Any CPU
		Release|Any CPU = Release|Any CPU
	EndGlobalSection
	GlobalSection(ProjectConfigurationPlatforms) = postSolution
		{5387FE2F-C114-45EB-B9BB-C7EAEF831389}.Debug|Any CPU.ActiveCfg = Debug|Any CPU
		{5387FE2F-C114-45EB-B9BB-C7EAEF831389}.Debug|Any CPU.Build.0 = Debug|Any CPU
		{5387FE2F-C114-45EB-B9BB-C7EAEF831389}.Release|Any CPU.ActiveCfg = Release|Any CPU
		{5387FE2F-C114-45EB-B9BB-C7EAEF831389}.Release|Any CPU.Build.0 = Release|Any CPU
	EndGlobalSection
	GlobalSection(SolutionProperties) = preSolution
		HideSolutionNode = FALSE
	EndGlobalSection
	GlobalSection(ExtensibilityGlobals) = postSolution
		SolutionGuid = {5B1277E2-1565-45CB-9D42-6230B1E913CF}
	EndGlobalSection
EndGlobal
